%{
  "jason": {:hex, :jason, "1.4.1", "af1504e35f629ddcdd6addb3513c3853991f694921b1b9368b0bd32beb9f1b63", [:mix], [{:decimal, "~> 1.0 or ~> 2.0", [hex: :decimal, repo: "hexpm", optional: true]}], "hexpm", "fbb01ecdfd565b56261302f7e1fcc27c4fb8f32d56eab74db621fc154604a7a1"},
  "nimble_options": {:hex, :nimble_options, "1.1.0", "3b31a57ede9cb1502071fade751ab0c7b8dbe75a9a4c2b5bbb0943a690b63172", [:mix], [], "hexpm", "8bbbb3941af3ca9acc7835f5655ea062111c9c27bcac53e004460dfd19008a99"},
  "sourceror": {:hex, :sourceror, "0.14.1", "c6fb848d55bd34362880da671debc56e77fd722fa13b4dcbeac89a8998fc8b09", [:mix], [], "hexpm", "8b488a219e4c4d7d9ff29d16346fd4a5858085ccdd010e509101e226bbfd8efc"},
  "spark": {:hex, :spark, "1.1.52", "e0ddd137899c11fb44ef46cda346a112e60365b93e50264da976f45b1c6e28c5", [:mix], [{:jason, "~> 1.4", [hex: :jason, repo: "hexpm", optional: false]}, {:nimble_options, "~> 0.5 or ~> 1.0", [hex: :nimble_options, repo: "hexpm", optional: false]}, {:sourceror, "~> 0.1", [hex: :sourceror, repo: "hexpm", optional: false]}], "hexpm", "2d8b354103eb4ae5fb4ed5f885d491e3ed5684ccb57806c3980fcc15a4b597d6"},
}
